
Microsoft Visual Studio Solution File, Format Version 12.00
# Visual Studio Version 17
VisualStudioVersion = 17.0.31903.59
MinimumVisualStudioVersion = 10.0.40219.1
Project("{FAE04EC0-301F-11D3-BF4B-00C04F79EFBC}") = "TaskManagement.API", "TaskManagement.API\TaskManagement.API.csproj", "{63A75134-15AE-4CE3-9DA2-59578019C9FE}"
EndProject
Project("{FAE04EC0-301F-11D3-BF4B-00C04F79EFBC}") = "TaskManagement.Core", "TaskManagement.Core\TaskManagement.Core.csproj", "{813545CE-C955-4FBB-9D38-BAD6782CB689}"
EndProject
Project("{FAE04EC0-301F-11D3-BF4B-00C04F79EFBC}") = "TaskManagement.Infrastructure", "TaskManagement.Infrastructure\TaskManagement.Infrastructure.csproj", "{1363A4E1-AFFC-480D-8535-6E13179AA3F5}"
EndProject
Project("{FAE04EC0-301F-11D3-BF4B-00C04F79EFBC}") = "TaskManagement.Tests", "TaskManagement.Tests\TaskManagement.Tests.csproj", "{84E39AB9-40D7-4B5B-B321-0CC2483BB3C8}"
EndProject
Global
	GlobalSection(SolutionConfigurationPlatforms) = preSolution
		Debug|Any CPU = Debug|Any CPU
		Debug|x64 = Debug|x64
		Debug|x86 = Debug|x86
		Release|Any CPU = Release|Any CPU
		Release|x64 = Release|x64
		Release|x86 = Release|x86
	EndGlobalSection
	GlobalSection(ProjectConfigurationPlatforms) = postSolution
		{63A75134-15AE-4CE3-9DA2-59578019C9FE}.Debug|Any CPU.ActiveCfg = Debug|Any CPU
		{63A75134-15AE-4CE3-9DA2-59578019C9FE}.Debug|Any CPU.Build.0 = Debug|Any CPU
		{63A75134-15AE-4CE3-9DA2-59578019C9FE}.Debug|x64.ActiveCfg = Debug|Any CPU
		{63A75134-15AE-4CE3-9DA2-59578019C9FE}.Debug|x64.Build.0 = Debug|Any CPU
		{63A75134-15AE-4CE3-9DA2-59578019C9FE}.Debug|x86.ActiveCfg = Debug|Any CPU
		{63A75134-15AE-4CE3-9DA2-59578019C9FE}.Debug|x86.Build.0 = Debug|Any CPU
		{63A75134-15AE-4CE3-9DA2-59578019C9FE}.Release|Any CPU.ActiveCfg = Release|Any CPU
		{63A75134-15AE-4CE3-9DA2-59578019C9FE}.Release|Any CPU.Build.0 = Release|Any CPU
		{63A75134-15AE-4CE3-9DA2-59578019C9FE}.Release|x64.ActiveCfg = Release|Any CPU
		{63A75134-15AE-4CE3-9DA2-59578019C9FE}.Release|x64.Build.0 = Release|Any CPU
		{63A75134-15AE-4CE3-9DA2-59578019C9FE}.Release|x86.ActiveCfg = Release|Any CPU
		{63A75134-15AE-4CE3-9DA2-59578019C9FE}.Release|x86.Build.0 = Release|Any CPU
		{813545CE-C955-4FBB-9D38-BAD6782CB689}.Debug|Any CPU.ActiveCfg = Debug|Any CPU
		{813545CE-C955-4FBB-9D38-BAD6782CB689}.Debug|Any CPU.Build.0 = Debug|Any CPU
		{813545CE-C955-4FBB-9D38-BAD6782CB689}.Debug|x64.ActiveCfg = Debug|Any CPU
		{813545CE-C955-4FBB-9D38-BAD6782CB689}.Debug|x64.Build.0 = Debug|Any CPU
		{813545CE-C955-4FBB-9D38-BAD6782CB689}.Debug|x86.ActiveCfg = Debug|Any CPU
		{813545CE-C955-4FBB-9D38-BAD6782CB689}.Debug|x86.Build.0 = Debug|Any CPU
		{813545CE-C955-4FBB-9D38-BAD6782CB689}.Release|Any CPU.ActiveCfg = Release|Any CPU
		{813545CE-C955-4FBB-9D38-BAD6782CB689}.Release|Any CPU.Build.0 = Release|Any CPU
		{813545CE-C955-4FBB-9D38-BAD6782CB689}.Release|x64.ActiveCfg = Release|Any CPU
		{813545CE-C955-4FBB-9D38-BAD6782CB689}.Release|x64.Build.0 = Release|Any CPU
		{813545CE-C955-4FBB-9D38-BAD6782CB689}.Release|x86.ActiveCfg = Release|Any CPU
		{813545CE-C955-4FBB-9D38-BAD6782CB689}.Release|x86.Build.0 = Release|Any CPU
		{1363A4E1-AFFC-480D-8535-6E13179AA3F5}.Debug|Any CPU.ActiveCfg = Debug|Any CPU
		{1363A4E1-AFFC-480D-8535-6E13179AA3F5}.Debug|Any CPU.Build.0 = Debug|Any CPU
		{1363A4E1-AFFC-480D-8535-6E13179AA3F5}.Debug|x64.ActiveCfg = Debug|Any CPU
		{1363A4E1-AFFC-480D-8535-6E13179AA3F5}.Debug|x64.Build.0 = Debug|Any CPU
		{1363A4E1-AFFC-480D-8535-6E13179AA3F5}.Debug|x86.ActiveCfg = Debug|Any CPU
		{1363A4E1-AFFC-480D-8535-6E13179AA3F5}.Debug|x86.Build.0 = Debug|Any CPU
		{1363A4E1-AFFC-480D-8535-6E13179AA3F5}.Release|Any CPU.ActiveCfg = Release|Any CPU
		{1363A4E1-AFFC-480D-8535-6E13179AA3F5}.Release|Any CPU.Build.0 = Release|Any CPU
		{1363A4E1-AFFC-480D-8535-6E13179AA3F5}.Release|x64.ActiveCfg = Release|Any CPU
		{1363A4E1-AFFC-480D-8535-6E13179AA3F5}.Release|x64.Build.0 = Release|Any CPU
		{1363A4E1-AFFC-480D-8535-6E13179AA3F5}.Release|x86.ActiveCfg = Release|Any CPU
		{1363A4E1-AFFC-480D-8535-6E13179AA3F5}.Release|x86.Build.0 = Release|Any CPU
		{84E39AB9-40D7-4B5B-B321-0CC2483BB3C8}.Debug|Any CPU.ActiveCfg = Debug|Any CPU
		{84E39AB9-40D7-4B5B-B321-0CC2483BB3C8}.Debug|Any CPU.Build.0 = Debug|Any CPU
		{84E39AB9-40D7-4B5B-B321-0CC2483BB3C8}.Debug|x64.ActiveCfg = Debug|Any CPU
		{84E39AB9-40D7-4B5B-B321-0CC2483BB3C8}.Debug|x64.Build.0 = Debug|Any CPU
		{84E39AB9-40D7-4B5B-B321-0CC2483BB3C8}.Debug|x86.ActiveCfg = Debug|Any CPU
		{84E39AB9-40D7-4B5B-B321-0CC2483BB3C8}.Debug|x86.Build.0 = Debug|Any CPU
		{84E39AB9-40D7-4B5B-B321-0CC2483BB3C8}.Release|Any CPU.ActiveCfg = Release|Any CPU
		{84E39AB9-40D7-4B5B-B321-0CC2483BB3C8}.Release|Any CPU.Build.0 = Release|Any CPU
		{84E39AB9-40D7-4B5B-B321-0CC2483BB3C8}.Release|x64.ActiveCfg = Release|Any CPU
		{84E39AB9-40D7-4B5B-B321-0CC2483BB3C8}.Release|x64.Build.0 = Release|Any CPU
		{84E39AB9-40D7-4B5B-B321-0CC2483BB3C8}.Release|x86.ActiveCfg = Release|Any CPU
		{84E39AB9-40D7-4B5B-B321-0CC2483BB3C8}.Release|x86.Build.0 = Release|Any CPU
	EndGlobalSection
	GlobalSection(SolutionProperties) = preSolution
		HideSolutionNode = FALSE
	EndGlobalSection
EndGlobal
